
Microsoft Visual Studio Solution File, Format Version 12.00
# Visual Studio Version 17
VisualStudioVersion = 17.6.33815.320
MinimumVisualStudioVersion = 10.0.40219.1
Project("{FAE04EC0-301F-11D3-BF4B-00C04F79EFBC}") = "RPG_Game", "RPG_Game\RPG_Game.csproj", "{D26AEF6D-FD3C-43E3-926F-A80A7F4971F2}"
EndProject
Global
	GlobalSection(SolutionConfigurationPlatforms) = preSolution
		Debug|Any CPU = Debug|Any CPU
		Release|Any CPU = Release|Any CPU
	EndGlobalSection
	GlobalSection(ProjectConfigurationPlatforms) = postSolution
		{D26AEF6D-FD3C-43E3-926F-A80A7F4971F2}.Debug|Any CPU.ActiveCfg = Debug|Any CPU
		{D26AEF6D-FD3C-43E3-926F-A80A7F4971F2}.Debug|Any CPU.Build.0 = Debug|Any CPU
		{D26AEF6D-FD3C-43E3-926F-A80A7F4971F2}.Release|Any CPU.ActiveCfg = Release|Any CPU
		{D26AEF6D-FD3C-43E3-926F-A80A7F4971F2}.Release|Any CPU.Build.0 = Release|Any CPU
	EndGlobalSection
	GlobalSection(SolutionProperties) = preSolution
		HideSolutionNode = FALSE
	EndGlobalSection
	GlobalSection(ExtensibilityGlobals) = postSolution
		SolutionGuid = {E6818084-F9E9-464F-B4CF-2906489878C4}
	EndGlobalSection
EndGlobal
